
Microsoft Visual Studio Solution File, Format Version 12.00
# Visual Studio Version 17
VisualStudioVersion = 17.7.34031.279
MinimumVisualStudioVersion = 10.0.40219.1
Project("{FAE04EC0-301F-11D3-BF4B-00C04F79EFBC}") = "LeaveApplication.Web", "LeaveApplication.Web\LeaveApplication.Web.csproj", "{9FC72AD5-D9A2-487B-82CC-C99AC1CE47BC}"
EndProject
Global
	GlobalSection(SolutionConfigurationPlatforms) = preSolution
		Debug|Any CPU = Debug|Any CPU
		Release|Any CPU = Release|Any CPU
	EndGlobalSection
	GlobalSection(ProjectConfigurationPlatforms) = postSolution
		{9FC72AD5-D9A2-487B-82CC-C99AC1CE47BC}.Debug|Any CPU.ActiveCfg = Debug|Any CPU
		{9FC72AD5-D9A2-487B-82CC-C99AC1CE47BC}.Debug|Any CPU.Build.0 = Debug|Any CPU
		{9FC72AD5-D9A2-487B-82CC-C99AC1CE47BC}.Release|Any CPU.ActiveCfg = Release|Any CPU
		{9FC72AD5-D9A2-487B-82CC-C99AC1CE47BC}.Release|Any CPU.Build.0 = Release|Any CPU
	EndGlobalSection
	GlobalSection(SolutionProperties) = preSolution
		HideSolutionNode = FALSE
	EndGlobalSection
	GlobalSection(ExtensibilityGlobals) = postSolution
		SolutionGuid = {59D148B9-817B-42BD-A160-2BF7FCAE2239}
	EndGlobalSection
EndGlobal
